
Microsoft Visual Studio Solution File, Format Version 12.00
Project("{FAE04EC0-301F-11D3-BF4B-00C04F79EFBC}") = "Nox.Utilities", "Nox.Utilities\Nox.Utilities.csproj", "{07C7641A-CF41-4C17-A55C-8929E76FB772}"
EndProject
Project("{2150E333-8FDC-42A3-9474-1A3956D46DE8}") = "src", "src", "{5EC81832-AF3E-43AA-A69D-9FB5FDFF8B8A}"
EndProject
Project("{2150E333-8FDC-42A3-9474-1A3956D46DE8}") = "tests", "tests", "{CBFFA605-FEE5-47B0-81D9-AF6239B4EC70}"
EndProject
Project("{FAE04EC0-301F-11D3-BF4B-00C04F79EFBC}") = "Identifier.Tests", "..\tests\Identifier.Tests\Identifier.Tests.csproj", "{0DE2D939-5077-495C-9EAB-2C36110E82D3}"
EndProject
Project("{FAE04EC0-301F-11D3-BF4B-00C04F79EFBC}") = "Secrets.Tests", "..\tests\Secrets.Tests\Secrets.Tests.csproj", "{326CD14F-6916-4243-9B52-24D5422139AA}"
EndProject
Global
	GlobalSection(SolutionConfigurationPlatforms) = preSolution
		Debug|Any CPU = Debug|Any CPU
		Release|Any CPU = Release|Any CPU
	EndGlobalSection
	GlobalSection(ProjectConfigurationPlatforms) = postSolution
		{07C7641A-CF41-4C17-A55C-8929E76FB772}.Debug|Any CPU.ActiveCfg = Debug|Any CPU
		{07C7641A-CF41-4C17-A55C-8929E76FB772}.Debug|Any CPU.Build.0 = Debug|Any CPU
		{07C7641A-CF41-4C17-A55C-8929E76FB772}.Release|Any CPU.ActiveCfg = Release|Any CPU
		{07C7641A-CF41-4C17-A55C-8929E76FB772}.Release|Any CPU.Build.0 = Release|Any CPU
		{0DE2D939-5077-495C-9EAB-2C36110E82D3}.Debug|Any CPU.ActiveCfg = Debug|Any CPU
		{0DE2D939-5077-495C-9EAB-2C36110E82D3}.Debug|Any CPU.Build.0 = Debug|Any CPU
		{0DE2D939-5077-495C-9EAB-2C36110E82D3}.Release|Any CPU.ActiveCfg = Release|Any CPU
		{0DE2D939-5077-495C-9EAB-2C36110E82D3}.Release|Any CPU.Build.0 = Release|Any CPU
		{326CD14F-6916-4243-9B52-24D5422139AA}.Debug|Any CPU.ActiveCfg = Debug|Any CPU
		{326CD14F-6916-4243-9B52-24D5422139AA}.Debug|Any CPU.Build.0 = Debug|Any CPU
		{326CD14F-6916-4243-9B52-24D5422139AA}.Release|Any CPU.ActiveCfg = Release|Any CPU
		{326CD14F-6916-4243-9B52-24D5422139AA}.Release|Any CPU.Build.0 = Release|Any CPU
	EndGlobalSection
	GlobalSection(NestedProjects) = preSolution
		{07C7641A-CF41-4C17-A55C-8929E76FB772} = {5EC81832-AF3E-43AA-A69D-9FB5FDFF8B8A}
		{0DE2D939-5077-495C-9EAB-2C36110E82D3} = {CBFFA605-FEE5-47B0-81D9-AF6239B4EC70}
		{326CD14F-6916-4243-9B52-24D5422139AA} = {CBFFA605-FEE5-47B0-81D9-AF6239B4EC70}
	EndGlobalSection
EndGlobal
